# This file is automatically @generated by Cargo.
# It is not intended for manual editing.
version = 3

[[package]]
name = "internet"
version = "0.1.0"

[[package]]
name = "mfa"
version = "0.1.0"

[[package]]
name = "selinuxd"
version = "0.1.0"

[[package]]
name = "settings"
version = "0.1.0"

[[package]]
name = "spad"
version = "0.1.0"

[[package]]
name = "wasm-bin"
version = "0.1.0"

[[package]]
name = "wasm-sys"
version = "0.1.0"
